Microsoft Visual Studio Solution File, Format Version 12.00
# Visual Studio 15
Project("{8BC9CEB8-8B4A-11D0-8D11-00A0C91BC942}") = "ALL_BUILD", "ALL_BUILD.vcxproj", "{7077E0CC-FB76-3BA7-B5FC-81A65F9B911D}"
	ProjectSection(ProjectDependencies) = postProject
		{1B8A99C6-3BF0-36F2-B490-F891D475EBF9} = {1B8A99C6-3BF0-36F2-B490-F891D475EBF9}
		{C4145771-99FA-3257-8DC8-CAA0B119902F} = {C4145771-99FA-3257-8DC8-CAA0B119902F}
		{21669819-53C8-3CE2-A7CD-330E1BBF16F3} = {21669819-53C8-3CE2-A7CD-330E1BBF16F3}
		{2D445AD2-62E4-3099-9D15-FF81740A0528} = {2D445AD2-62E4-3099-9D15-FF81740A0528}
		{68A4FFB5-629B-3232-B405-1CB82FD2E5B0} = {68A4FFB5-629B-3232-B405-1CB82FD2E5B0}
		{E0EA9D7C-6374-3497-9A77-3ED68AF9D3FB} = {E0EA9D7C-6374-3497-9A77-3ED68AF9D3FB}
		{18A2A76B-430B-38C7-9031-D5A1BBD42FDB} = {18A2A76B-430B-38C7-9031-D5A1BBD42FDB}
	EndProjectSection
EndProject
Project("{8BC9CEB8-8B4A-11D0-8D11-00A0C91BC942}") = "ANTTWEAKBAR_116_OGLCORE_GLFW", "external\ANTTWEAKBAR_116_OGLCORE_GLFW.vcxproj", "{1B8A99C6-3BF0-36F2-B490-F891D475EBF9}"
	ProjectSection(ProjectDependencies) = postProject
		{68A4FFB5-629B-3232-B405-1CB82FD2E5B0} = {68A4FFB5-629B-3232-B405-1CB82FD2E5B0}
	EndProjectSection
EndProject
Project("{8BC9CEB8-8B4A-11D0-8D11-00A0C91BC942}") = "CG_UFPel", "CG_UFPel.vcxproj", "{C4145771-99FA-3257-8DC8-CAA0B119902F}"
	ProjectSection(ProjectDependencies) = postProject
		{1B8A99C6-3BF0-36F2-B490-F891D475EBF9} = {1B8A99C6-3BF0-36F2-B490-F891D475EBF9}
		{21669819-53C8-3CE2-A7CD-330E1BBF16F3} = {21669819-53C8-3CE2-A7CD-330E1BBF16F3}
		{2D445AD2-62E4-3099-9D15-FF81740A0528} = {2D445AD2-62E4-3099-9D15-FF81740A0528}
		{68A4FFB5-629B-3232-B405-1CB82FD2E5B0} = {68A4FFB5-629B-3232-B405-1CB82FD2E5B0}
		{E0EA9D7C-6374-3497-9A77-3ED68AF9D3FB} = {E0EA9D7C-6374-3497-9A77-3ED68AF9D3FB}
		{18A2A76B-430B-38C7-9031-D5A1BBD42FDB} = {18A2A76B-430B-38C7-9031-D5A1BBD42FDB}
	EndProjectSection
EndProject
Project("{8BC9CEB8-8B4A-11D0-8D11-00A0C91BC942}") = "GLEW_190", "external\GLEW_190.vcxproj", "{21669819-53C8-3CE2-A7CD-330E1BBF16F3}"
	ProjectSection(ProjectDependencies) = postProject
		{68A4FFB5-629B-3232-B405-1CB82FD2E5B0} = {68A4FFB5-629B-3232-B405-1CB82FD2E5B0}
	EndProjectSection
EndProject
Project("{8BC9CEB8-8B4A-11D0-8D11-00A0C91BC942}") = "GLFW_303", "external\glfw-3.0.3\src\GLFW_303.vcxproj", "{2D445AD2-62E4-3099-9D15-FF81740A0528}"
	ProjectSection(ProjectDependencies) = postProject
		{68A4FFB5-629B-3232-B405-1CB82FD2E5B0} = {68A4FFB5-629B-3232-B405-1CB82FD2E5B0}
	EndProjectSection
EndProject
Project("{8BC9CEB8-8B4A-11D0-8D11-00A0C91BC942}") = "INSTALL", "INSTALL.vcxproj", "{DEA279D8-F591-3D48-A07C-D196B2D852CA}"
	ProjectSection(ProjectDependencies) = postProject
		{7077E0CC-FB76-3BA7-B5FC-81A65F9B911D} = {7077E0CC-FB76-3BA7-B5FC-81A65F9B911D}
		{68A4FFB5-629B-3232-B405-1CB82FD2E5B0} = {68A4FFB5-629B-3232-B405-1CB82FD2E5B0}
	EndProjectSection
EndProject
Project("{8BC9CEB8-8B4A-11D0-8D11-00A0C91BC942}") = "ZERO_CHECK", "ZERO_CHECK.vcxproj", "{68A4FFB5-629B-3232-B405-1CB82FD2E5B0}"
	ProjectSection(ProjectDependencies) = postProject
	EndProjectSection
EndProject
Project("{8BC9CEB8-8B4A-11D0-8D11-00A0C91BC942}") = "assimp", "external\assimp-3.0.1270\code\assimp.vcxproj", "{E0EA9D7C-6374-3497-9A77-3ED68AF9D3FB}"
	ProjectSection(ProjectDependencies) = postProject
		{68A4FFB5-629B-3232-B405-1CB82FD2E5B0} = {68A4FFB5-629B-3232-B405-1CB82FD2E5B0}
		{18A2A76B-430B-38C7-9031-D5A1BBD42FDB} = {18A2A76B-430B-38C7-9031-D5A1BBD42FDB}
	EndProjectSection
EndProject
Project("{8BC9CEB8-8B4A-11D0-8D11-00A0C91BC942}") = "zlib", "external\assimp-3.0.1270\contrib\zlib\zlib.vcxproj", "{18A2A76B-430B-38C7-9031-D5A1BBD42FDB}"
	ProjectSection(ProjectDependencies) = postProject
		{68A4FFB5-629B-3232-B405-1CB82FD2E5B0} = {68A4FFB5-629B-3232-B405-1CB82FD2E5B0}
	EndProjectSection
EndProject
Global
	GlobalSection(SolutionConfigurationPlatforms) = preSolution
		Debug|Win32 = Debug|Win32
		Release|Win32 = Release|Win32
		MinSizeRel|Win32 = MinSizeRel|Win32
		RelWithDebInfo|Win32 = RelWithDebInfo|Win32
	EndGlobalSection
	GlobalSection(ProjectConfigurationPlatforms) = postSolution
		{7077E0CC-FB76-3BA7-B5FC-81A65F9B911D}.Debug|Win32.ActiveCfg = Debug|Win32
		{7077E0CC-FB76-3BA7-B5FC-81A65F9B911D}.Debug|Win32.Build.0 = Debug|Win32
		{7077E0CC-FB76-3BA7-B5FC-81A65F9B911D}.Release|Win32.ActiveCfg = Release|Win32
		{7077E0CC-FB76-3BA7-B5FC-81A65F9B911D}.Release|Win32.Build.0 = Release|Win32
		{7077E0CC-FB76-3BA7-B5FC-81A65F9B911D}.MinSizeRel|Win32.ActiveCfg = MinSizeRel|Win32
		{7077E0CC-FB76-3BA7-B5FC-81A65F9B911D}.MinSizeRel|Win32.Build.0 = MinSizeRel|Win32
		{7077E0CC-FB76-3BA7-B5FC-81A65F9B911D}.RelWithDebInfo|Win32.ActiveCfg = RelWithDebInfo|Win32
		{7077E0CC-FB76-3BA7-B5FC-81A65F9B911D}.RelWithDebInfo|Win32.Build.0 = RelWithDebInfo|Win32
		{1B8A99C6-3BF0-36F2-B490-F891D475EBF9}.Debug|Win32.ActiveCfg = Debug|Win32
		{1B8A99C6-3BF0-36F2-B490-F891D475EBF9}.Debug|Win32.Build.0 = Debug|Win32
		{1B8A99C6-3BF0-36F2-B490-F891D475EBF9}.Release|Win32.ActiveCfg = Release|Win32
		{1B8A99C6-3BF0-36F2-B490-F891D475EBF9}.Release|Win32.Build.0 = Release|Win32
		{1B8A99C6-3BF0-36F2-B490-F891D475EBF9}.MinSizeRel|Win32.ActiveCfg = MinSizeRel|Win32
		{1B8A99C6-3BF0-36F2-B490-F891D475EBF9}.MinSizeRel|Win32.Build.0 = MinSizeRel|Win32
		{1B8A99C6-3BF0-36F2-B490-F891D475EBF9}.RelWithDebInfo|Win32.ActiveCfg = RelWithDebInfo|Win32
		{1B8A99C6-3BF0-36F2-B490-F891D475EBF9}.RelWithDebInfo|Win32.Build.0 = RelWithDebInfo|Win32
		{C4145771-99FA-3257-8DC8-CAA0B119902F}.Debug|Win32.ActiveCfg = Debug|Win32
		{C4145771-99FA-3257-8DC8-CAA0B119902F}.Debug|Win32.Build.0 = Debug|Win32
		{C4145771-99FA-3257-8DC8-CAA0B119902F}.Release|Win32.ActiveCfg = Release|Win32
		{C4145771-99FA-3257-8DC8-CAA0B119902F}.Release|Win32.Build.0 = Release|Win32
		{C4145771-99FA-3257-8DC8-CAA0B119902F}.MinSizeRel|Win32.ActiveCfg = MinSizeRel|Win32
		{C4145771-99FA-3257-8DC8-CAA0B119902F}.MinSizeRel|Win32.Build.0 = MinSizeRel|Win32
		{C4145771-99FA-3257-8DC8-CAA0B119902F}.RelWithDebInfo|Win32.ActiveCfg = RelWithDebInfo|Win32
		{C4145771-99FA-3257-8DC8-CAA0B119902F}.RelWithDebInfo|Win32.Build.0 = RelWithDebInfo|Win32
		{21669819-53C8-3CE2-A7CD-330E1BBF16F3}.Debug|Win32.ActiveCfg = Debug|Win32
		{21669819-53C8-3CE2-A7CD-330E1BBF16F3}.Debug|Win32.Build.0 = Debug|Win32
		{21669819-53C8-3CE2-A7CD-330E1BBF16F3}.Release|Win32.ActiveCfg = Release|Win32
		{21669819-53C8-3CE2-A7CD-330E1BBF16F3}.Release|Win32.Build.0 = Release|Win32
		{21669819-53C8-3CE2-A7CD-330E1BBF16F3}.MinSizeRel|Win32.ActiveCfg = MinSizeRel|Win32
		{21669819-53C8-3CE2-A7CD-330E1BBF16F3}.MinSizeRel|Win32.Build.0 = MinSizeRel|Win32
		{21669819-53C8-3CE2-A7CD-330E1BBF16F3}.RelWithDebInfo|Win32.ActiveCfg = RelWithDebInfo|Win32
		{21669819-53C8-3CE2-A7CD-330E1BBF16F3}.RelWithDebInfo|Win32.Build.0 = RelWithDebInfo|Win32
		{2D445AD2-62E4-3099-9D15-FF81740A0528}.Debug|Win32.ActiveCfg = Debug|Win32
		{2D445AD2-62E4-3099-9D15-FF81740A0528}.Debug|Win32.Build.0 = Debug|Win32
		{2D445AD2-62E4-3099-9D15-FF81740A0528}.Release|Win32.ActiveCfg = Release|Win32
		{2D445AD2-62E4-3099-9D15-FF81740A0528}.Release|Win32.Build.0 = Release|Win32
		{2D445AD2-62E4-3099-9D15-FF81740A0528}.MinSizeRel|Win32.ActiveCfg = MinSizeRel|Win32
		{2D445AD2-62E4-3099-9D15-FF81740A0528}.MinSizeRel|Win32.Build.0 = MinSizeRel|Win32
		{2D445AD2-62E4-3099-9D15-FF81740A0528}.RelWithDebInfo|Win32.ActiveCfg = RelWithDebInfo|Win32
		{2D445AD2-62E4-3099-9D15-FF81740A0528}.RelWithDebInfo|Win32.Build.0 = RelWithDebInfo|Win32
		{DEA279D8-F591-3D48-A07C-D196B2D852CA}.Debug|Win32.ActiveCfg = Debug|Win32
		{DEA279D8-F591-3D48-A07C-D196B2D852CA}.Release|Win32.ActiveCfg = Release|Win32
		{DEA279D8-F591-3D48-A07C-D196B2D852CA}.MinSizeRel|Win32.ActiveCfg = MinSizeRel|Win32
		{DEA279D8-F591-3D48-A07C-D196B2D852CA}.RelWithDebInfo|Win32.ActiveCfg = RelWithDebInfo|Win32
		{68A4FFB5-629B-3232-B405-1CB82FD2E5B0}.Debug|Win32.ActiveCfg = Debug|Win32
		{68A4FFB5-629B-3232-B405-1CB82FD2E5B0}.Debug|Win32.Build.0 = Debug|Win32
		{68A4FFB5-629B-3232-B405-1CB82FD2E5B0}.Release|Win32.ActiveCfg = Release|Win32
		{68A4FFB5-629B-3232-B405-1CB82FD2E5B0}.Release|Win32.Build.0 = Release|Win32
		{68A4FFB5-629B-3232-B405-1CB82FD2E5B0}.MinSizeRel|Win32.ActiveCfg = MinSizeRel|Win32
		{68A4FFB5-629B-3232-B405-1CB82FD2E5B0}.MinSizeRel|Win32.Build.0 = MinSizeRel|Win32
		{68A4FFB5-629B-3232-B405-1CB82FD2E5B0}.RelWithDebInfo|Win32.ActiveCfg = RelWithDebInfo|Win32
		{68A4FFB5-629B-3232-B405-1CB82FD2E5B0}.RelWithDebInfo|Win32.Build.0 = RelWithDebInfo|Win32
		{E0EA9D7C-6374-3497-9A77-3ED68AF9D3FB}.Debug|Win32.ActiveCfg = Debug|Win32
		{E0EA9D7C-6374-3497-9A77-3ED68AF9D3FB}.Debug|Win32.Build.0 = Debug|Win32
		{E0EA9D7C-6374-3497-9A77-3ED68AF9D3FB}.Release|Win32.ActiveCfg = Release|Win32
		{E0EA9D7C-6374-3497-9A77-3ED68AF9D3FB}.Release|Win32.Build.0 = Release|Win32
		{E0EA9D7C-6374-3497-9A77-3ED68AF9D3FB}.MinSizeRel|Win32.ActiveCfg = MinSizeRel|Win32
		{E0EA9D7C-6374-3497-9A77-3ED68AF9D3FB}.MinSizeRel|Win32.Build.0 = MinSizeRel|Win32
		{E0EA9D7C-6374-3497-9A77-3ED68AF9D3FB}.RelWithDebInfo|Win32.ActiveCfg = RelWithDebInfo|Win32
		{E0EA9D7C-6374-3497-9A77-3ED68AF9D3FB}.RelWithDebInfo|Win32.Build.0 = RelWithDebInfo|Win32
		{18A2A76B-430B-38C7-9031-D5A1BBD42FDB}.Debug|Win32.ActiveCfg = Debug|Win32
		{18A2A76B-430B-38C7-9031-D5A1BBD42FDB}.Debug|Win32.Build.0 = Debug|Win32
		{18A2A76B-430B-38C7-9031-D5A1BBD42FDB}.Release|Win32.ActiveCfg = Release|Win32
		{18A2A76B-430B-38C7-9031-D5A1BBD42FDB}.Release|Win32.Build.0 = Release|Win32
		{18A2A76B-430B-38C7-9031-D5A1BBD42FDB}.MinSizeRel|Win32.ActiveCfg = MinSizeRel|Win32
		{18A2A76B-430B-38C7-9031-D5A1BBD42FDB}.MinSizeRel|Win32.Build.0 = MinSizeRel|Win32
		{18A2A76B-430B-38C7-9031-D5A1BBD42FDB}.RelWithDebInfo|Win32.ActiveCfg = RelWithDebInfo|Win32
		{18A2A76B-430B-38C7-9031-D5A1BBD42FDB}.RelWithDebInfo|Win32.Build.0 = RelWithDebInfo|Win32
	EndGlobalSection
	GlobalSection(ExtensibilityGlobals) = postSolution
	EndGlobalSection
	GlobalSection(ExtensibilityAddIns) = postSolution
	EndGlobalSection
EndGlobal
