<?xml version="1.0" encoding="utf-8"?>
<Project ToolsVersion="15.0" xmlns="http://schemas.microsoft.com/developer/msbuild/2003">
  <ItemGroup>
    <ClCompile Include="C:\Users\thiag\Desktop\CG\TrabalhoFinalCG-BreakOut\Projeto\sources\controls.cpp">
      <Filter>Source Files</Filter>
    </ClCompile>
    <ClCompile Include="C:\Users\thiag\Desktop\CG\TrabalhoFinalCG-BreakOut\Projeto\sources\main.cpp">
      <Filter>Source Files</Filter>
    </ClCompile>
    <ClCompile Include="C:\Users\thiag\Desktop\CG\TrabalhoFinalCG-BreakOut\Projeto\sources\objloader.cpp">
      <Filter>Source Files</Filter>
    </ClCompile>
    <ClCompile Include="C:\Users\thiag\Desktop\CG\TrabalhoFinalCG-BreakOut\Projeto\sources\quaternion_utils.cpp">
      <Filter>Source Files</Filter>
    </ClCompile>
    <ClCompile Include="C:\Users\thiag\Desktop\CG\TrabalhoFinalCG-BreakOut\Projeto\sources\shader.cpp">
      <Filter>Source Files</Filter>
    </ClCompile>
    <ClCompile Include="C:\Users\thiag\Desktop\CG\TrabalhoFinalCG-BreakOut\Projeto\sources\tangentspace.cpp">
      <Filter>Source Files</Filter>
    </ClCompile>
    <ClCompile Include="C:\Users\thiag\Desktop\CG\TrabalhoFinalCG-BreakOut\Projeto\sources\text2D.cpp">
      <Filter>Source Files</Filter>
    </ClCompile>
    <ClCompile Include="C:\Users\thiag\Desktop\CG\TrabalhoFinalCG-BreakOut\Projeto\sources\texture.cpp">
      <Filter>Source Files</Filter>
    </ClCompile>
    <ClCompile Include="C:\Users\thiag\Desktop\CG\TrabalhoFinalCG-BreakOut\Projeto\sources\vboindexer.cpp">
      <Filter>Source Files</Filter>
    </ClCompile>
    <ClCompile Include="C:\Users\thiag\Desktop\CG\TrabalhoFinalCG-BreakOut\Projeto\sources\glerror.cpp">
      <Filter>Source Files</Filter>
    </ClCompile>
    <ClCompile Include="sources\Malha.cpp" />
    <ClCompile Include="sources\Modelo.cpp" />
    <ClCompile Include="sources\Gerenciador.cpp" />
  </ItemGroup>
  <ItemGroup>
    <ClInclude Include="C:\Users\thiag\Desktop\CG\TrabalhoFinalCG-BreakOut\Projeto\include\controls.hpp">
      <Filter>Header Files</Filter>
    </ClInclude>
    <ClInclude Include="C:\Users\thiag\Desktop\CG\TrabalhoFinalCG-BreakOut\Projeto\include\objloader.hpp">
      <Filter>Header Files</Filter>
    </ClInclude>
    <ClInclude Include="C:\Users\thiag\Desktop\CG\TrabalhoFinalCG-BreakOut\Projeto\include\quaternion_utils.hpp">
      <Filter>Header Files</Filter>
    </ClInclude>
    <ClInclude Include="C:\Users\thiag\Desktop\CG\TrabalhoFinalCG-BreakOut\Projeto\include\shader.hpp">
      <Filter>Header Files</Filter>
    </ClInclude>
    <ClInclude Include="C:\Users\thiag\Desktop\CG\TrabalhoFinalCG-BreakOut\Projeto\include\tangentspace.hpp">
      <Filter>Header Files</Filter>
    </ClInclude>
    <ClInclude Include="C:\Users\thiag\Desktop\CG\TrabalhoFinalCG-BreakOut\Projeto\include\text2D.hpp">
      <Filter>Header Files</Filter>
    </ClInclude>
    <ClInclude Include="C:\Users\thiag\Desktop\CG\TrabalhoFinalCG-BreakOut\Projeto\include\texture.hpp">
      <Filter>Header Files</Filter>
    </ClInclude>
    <ClInclude Include="C:\Users\thiag\Desktop\CG\TrabalhoFinalCG-BreakOut\Projeto\include\vboindexer.hpp">
      <Filter>Header Files</Filter>
    </ClInclude>
    <ClInclude Include="C:\Users\thiag\Desktop\CG\TrabalhoFinalCG-BreakOut\Projeto\include\glerror.hpp">
      <Filter>Header Files</Filter>
    </ClInclude>
    <ClInclude Include="include\Malha.hpp" />
    <ClInclude Include="include\Modelo.hpp" />
    <ClInclude Include="include\Gerenciador.hpp" />
    <ClInclude Include="resource.h" />
  </ItemGroup>
  <ItemGroup>
    <CustomBuild Include="C:\Users\thiag\Desktop\CG\TrabalhoFinalCG-BreakOut\Projeto\CMakeLists.txt" />
  </ItemGroup>
  <ItemGroup>
    <Filter Include="Source Files">
      <UniqueIdentifier>{EE4038F5-106F-3531-B99A-FC10779BDBA7}</UniqueIdentifier>
    </Filter>
    <Filter Include="Header Files">
      <UniqueIdentifier>{7E914CD2-93ED-3884-8B77-D70480748985}</UniqueIdentifier>
    </Filter>
  </ItemGroup>
  <ItemGroup>
    <ResourceCompile Include="CG_UFPel.rc" />
  </ItemGroup>
</Project>